{
  "name": "lit-html-demos",
  "version": "0.0.1",
  "lockfileVersion": 1,
  "requires": true,
  "dependencies": {
    "@webcomponents/template": {
      "version": "1.0.0",
      "resolved": "https://registry.npmjs.org/@webcomponents/template/-/template-1.0.0.tgz",
      "integrity": "sha1-SsnW87JG5Cl2OvNQOyWQH0d5WTI="
    },
    "@webcomponents/webcomponentsjs": {
      "version": "1.0.14",
      "resolved": "https://registry.npmjs.org/@webcomponents/webcomponentsjs/-/webcomponentsjs-1.0.14.tgz",
      "integrity": "sha512-YtxQ9S318BmLLkc8I4hmugg+P1HXgLrPoTCwNJkEH4nt+qxEkp7lv7xi/ljEnSxprxAYQrQt4kHJajs8G7069A=="
    },
    "lit-html": {
      "version": "0.7.1",
      "resolved": "https://registry.npmjs.org/lit-html/-/lit-html-0.7.1.tgz",
      "integrity": "sha512-8L4kJaaE2sMUtaAOPr75tsgAakNIGUtroHsW4KpMO0LtLpjJXPt0WkS7guY3PB0MhM9mvIOCY/D9KamPB7GnDw=="
    },
    "webcomponentsjs": {
      "version": "1.0.2",
      "resolved": "https://registry.npmjs.org/webcomponentsjs/-/webcomponentsjs-1.0.2.tgz",
      "integrity": "sha1-sCiRTFeaYdgUSRPHyUws9zuV/Gk="
    }
  }
}
